
Microsoft Visual Studio Solution File, Format Version 12.00
Project("{FAE04EC0-301F-11D3-BF4B-00C04F79EFBC}") = "SDL.Interop", "production\SDL.Interop\SDL.Interop.csproj", "{D0AB6E66-7DB1-4B71-9D63-E8C3F13D0778}"
EndProject
Project("{2150E333-8FDC-42A3-9474-1A3956D46DE8}") = "production", "production", "{2B1767DB-F2E1-4E1C-A298-BBDF11780CAC}"
EndProject
Project("{2150E333-8FDC-42A3-9474-1A3956D46DE8}") = "examples", "examples", "{30080C76-D8B2-450A-9C35-5B304A05B3DD}"
EndProject
Project("{FAE04EC0-301F-11D3-BF4B-00C04F79EFBC}") = "SDL_image.Interop", "production\SDL_image.Interop\SDL_image.Interop.csproj", "{522579E6-C522-452F-A915-2B93207194BE}"
EndProject
Project("{FAE04EC0-301F-11D3-BF4B-00C04F79EFBC}") = "Examples.Gpu", "examples\Examples.Gpu\Examples.Gpu.csproj", "{896A16BC-89BE-4D7C-90F1-B6A281F3B90C}"
EndProject
Project("{FAE04EC0-301F-11D3-BF4B-00C04F79EFBC}") = "Examples.LazyFoo", "examples\Examples.LazyFoo\Examples.LazyFoo.csproj", "{F47E379E-9563-48B6-9DA8-137DA78E21DD}"
EndProject
Project("{FAE04EC0-301F-11D3-BF4B-00C04F79EFBC}") = "Common", "examples\Common\Common.csproj", "{3519AB12-821E-4B73-96F5-42DB6D8DE27A}"
EndProject
Project("{FAE04EC0-301F-11D3-BF4B-00C04F79EFBC}") = "SDL", "production\SDL\SDL.csproj", "{FEA5A095-66FA-48E1-BA3A-98428FC770FE}"
EndProject
Project("{FAE04EC0-301F-11D3-BF4B-00C04F79EFBC}") = "SDL.Runtime.osx-arm64", "production\SDL.Runtime.osx-arm64\SDL.Runtime.osx-arm64.csproj", "{E02650C7-45E4-460A-BD8C-9D7E7EA8B834}"
EndProject
Project("{FAE04EC0-301F-11D3-BF4B-00C04F79EFBC}") = "SDL.Runtime.osx-x64", "production\SDL.Runtime.osx-x64\SDL.Runtime.osx-x64.csproj", "{D1227EE2-8C72-47B6-A6FB-2C765D9C7CAC}"
EndProject
Project("{FAE04EC0-301F-11D3-BF4B-00C04F79EFBC}") = "SDL.Runtime.win-x64", "production\SDL.Runtime.win-x64\SDL.Runtime.win-x64.csproj", "{ED223DFE-2148-41CD-B5E9-0A745DF2ED25}"
EndProject
Project("{FAE04EC0-301F-11D3-BF4B-00C04F79EFBC}") = "SDL.Runtime.win-arm64", "production\SDL.Runtime.win-arm64\SDL.Runtime.win-arm64.csproj", "{B1C0C2B3-AE98-419A-9D9F-D2C57C643D1E}"
EndProject
Project("{FAE04EC0-301F-11D3-BF4B-00C04F79EFBC}") = "SDL.Runtime.linux-x64", "production\SDL.Runtime.linux-x64\SDL.Runtime.linux-x64.csproj", "{83230082-FBC8-44EC-8E58-FFE4E7CE3002}"
EndProject
Project("{FAE04EC0-301F-11D3-BF4B-00C04F79EFBC}") = "SDL_image.Runtime.win-x64", "production\SDL_image.Runtime.win-x64\SDL_image.Runtime.win-x64.csproj", "{4CA00529-A35A-4B3B-A876-E7E178E0A10C}"
EndProject
Project("{FAE04EC0-301F-11D3-BF4B-00C04F79EFBC}") = "SDL_image.Runtime.win-arm64", "production\SDL_image.Runtime.win-arm64\SDL_image.Runtime.win-arm64.csproj", "{62E8AA52-6E14-44F4-8675-06FF48594506}"
EndProject
Project("{FAE04EC0-301F-11D3-BF4B-00C04F79EFBC}") = "SDL_image.Runtime.osx-x64", "production\SDL_image.Runtime.osx-x64\SDL_image.Runtime.osx-x64.csproj", "{2437D209-33DB-45CE-A9A6-9C3C5AC13E3E}"
EndProject
Project("{FAE04EC0-301F-11D3-BF4B-00C04F79EFBC}") = "SDL_image.Runtime.osx-arm64", "production\SDL_image.Runtime.osx-arm64\SDL_image.Runtime.osx-arm64.csproj", "{8D2BE32D-922F-4668-8F48-0DAA8D655CFD}"
EndProject
Project("{FAE04EC0-301F-11D3-BF4B-00C04F79EFBC}") = "SDL_image.Runtime.linux-x64", "production\SDL_image.Runtime.linux-x64\SDL_image.Runtime.linux-x64.csproj", "{6143CB8F-9979-4EDC-912E-1E7DAE43EBBC}"
EndProject
Global
	GlobalSection(SolutionConfigurationPlatforms) = preSolution
		Debug|Any CPU = Debug|Any CPU
		Release|Any CPU = Release|Any CPU
	EndGlobalSection
	GlobalSection(ProjectConfigurationPlatforms) = postSolution
		{D0AB6E66-7DB1-4B71-9D63-E8C3F13D0778}.Debug|Any CPU.ActiveCfg = Debug|Any CPU
		{D0AB6E66-7DB1-4B71-9D63-E8C3F13D0778}.Debug|Any CPU.Build.0 = Debug|Any CPU
		{D0AB6E66-7DB1-4B71-9D63-E8C3F13D0778}.Release|Any CPU.ActiveCfg = Release|Any CPU
		{D0AB6E66-7DB1-4B71-9D63-E8C3F13D0778}.Release|Any CPU.Build.0 = Release|Any CPU
		{522579E6-C522-452F-A915-2B93207194BE}.Debug|Any CPU.ActiveCfg = Debug|Any CPU
		{522579E6-C522-452F-A915-2B93207194BE}.Debug|Any CPU.Build.0 = Debug|Any CPU
		{522579E6-C522-452F-A915-2B93207194BE}.Release|Any CPU.ActiveCfg = Release|Any CPU
		{522579E6-C522-452F-A915-2B93207194BE}.Release|Any CPU.Build.0 = Release|Any CPU
		{896A16BC-89BE-4D7C-90F1-B6A281F3B90C}.Debug|Any CPU.ActiveCfg = Debug|Any CPU
		{896A16BC-89BE-4D7C-90F1-B6A281F3B90C}.Debug|Any CPU.Build.0 = Debug|Any CPU
		{896A16BC-89BE-4D7C-90F1-B6A281F3B90C}.Release|Any CPU.ActiveCfg = Release|Any CPU
		{896A16BC-89BE-4D7C-90F1-B6A281F3B90C}.Release|Any CPU.Build.0 = Release|Any CPU
		{F47E379E-9563-48B6-9DA8-137DA78E21DD}.Debug|Any CPU.ActiveCfg = Debug|Any CPU
		{F47E379E-9563-48B6-9DA8-137DA78E21DD}.Debug|Any CPU.Build.0 = Debug|Any CPU
		{F47E379E-9563-48B6-9DA8-137DA78E21DD}.Release|Any CPU.ActiveCfg = Release|Any CPU
		{F47E379E-9563-48B6-9DA8-137DA78E21DD}.Release|Any CPU.Build.0 = Release|Any CPU
		{3519AB12-821E-4B73-96F5-42DB6D8DE27A}.Debug|Any CPU.ActiveCfg = Debug|Any CPU
		{3519AB12-821E-4B73-96F5-42DB6D8DE27A}.Debug|Any CPU.Build.0 = Debug|Any CPU
		{3519AB12-821E-4B73-96F5-42DB6D8DE27A}.Release|Any CPU.ActiveCfg = Release|Any CPU
		{3519AB12-821E-4B73-96F5-42DB6D8DE27A}.Release|Any CPU.Build.0 = Release|Any CPU
		{FEA5A095-66FA-48E1-BA3A-98428FC770FE}.Debug|Any CPU.ActiveCfg = Debug|Any CPU
		{FEA5A095-66FA-48E1-BA3A-98428FC770FE}.Debug|Any CPU.Build.0 = Debug|Any CPU
		{FEA5A095-66FA-48E1-BA3A-98428FC770FE}.Release|Any CPU.ActiveCfg = Release|Any CPU
		{FEA5A095-66FA-48E1-BA3A-98428FC770FE}.Release|Any CPU.Build.0 = Release|Any CPU
		{E02650C7-45E4-460A-BD8C-9D7E7EA8B834}.Debug|Any CPU.ActiveCfg = Debug|x64
		{E02650C7-45E4-460A-BD8C-9D7E7EA8B834}.Debug|Any CPU.Build.0 = Debug|x64
		{E02650C7-45E4-460A-BD8C-9D7E7EA8B834}.Release|Any CPU.ActiveCfg = Release|x64
		{E02650C7-45E4-460A-BD8C-9D7E7EA8B834}.Release|Any CPU.Build.0 = Release|x64
		{D1227EE2-8C72-47B6-A6FB-2C765D9C7CAC}.Debug|Any CPU.ActiveCfg = Debug|Any CPU
		{D1227EE2-8C72-47B6-A6FB-2C765D9C7CAC}.Debug|Any CPU.Build.0 = Debug|Any CPU
		{D1227EE2-8C72-47B6-A6FB-2C765D9C7CAC}.Release|Any CPU.ActiveCfg = Release|Any CPU
		{D1227EE2-8C72-47B6-A6FB-2C765D9C7CAC}.Release|Any CPU.Build.0 = Release|Any CPU
		{ED223DFE-2148-41CD-B5E9-0A745DF2ED25}.Debug|Any CPU.ActiveCfg = Debug|Any CPU
		{ED223DFE-2148-41CD-B5E9-0A745DF2ED25}.Debug|Any CPU.Build.0 = Debug|Any CPU
		{ED223DFE-2148-41CD-B5E9-0A745DF2ED25}.Release|Any CPU.ActiveCfg = Release|Any CPU
		{ED223DFE-2148-41CD-B5E9-0A745DF2ED25}.Release|Any CPU.Build.0 = Release|Any CPU
		{B1C0C2B3-AE98-419A-9D9F-D2C57C643D1E}.Debug|Any CPU.ActiveCfg = Debug|Any CPU
		{B1C0C2B3-AE98-419A-9D9F-D2C57C643D1E}.Debug|Any CPU.Build.0 = Debug|Any CPU
		{B1C0C2B3-AE98-419A-9D9F-D2C57C643D1E}.Release|Any CPU.ActiveCfg = Release|Any CPU
		{B1C0C2B3-AE98-419A-9D9F-D2C57C643D1E}.Release|Any CPU.Build.0 = Release|Any CPU
		{83230082-FBC8-44EC-8E58-FFE4E7CE3002}.Debug|Any CPU.ActiveCfg = Debug|Any CPU
		{83230082-FBC8-44EC-8E58-FFE4E7CE3002}.Debug|Any CPU.Build.0 = Debug|Any CPU
		{83230082-FBC8-44EC-8E58-FFE4E7CE3002}.Release|Any CPU.ActiveCfg = Release|Any CPU
		{83230082-FBC8-44EC-8E58-FFE4E7CE3002}.Release|Any CPU.Build.0 = Release|Any CPU
		{4CA00529-A35A-4B3B-A876-E7E178E0A10C}.Debug|Any CPU.ActiveCfg = Debug|Any CPU
		{4CA00529-A35A-4B3B-A876-E7E178E0A10C}.Debug|Any CPU.Build.0 = Debug|Any CPU
		{4CA00529-A35A-4B3B-A876-E7E178E0A10C}.Release|Any CPU.ActiveCfg = Release|Any CPU
		{4CA00529-A35A-4B3B-A876-E7E178E0A10C}.Release|Any CPU.Build.0 = Release|Any CPU
		{62E8AA52-6E14-44F4-8675-06FF48594506}.Debug|Any CPU.ActiveCfg = Debug|Any CPU
		{62E8AA52-6E14-44F4-8675-06FF48594506}.Debug|Any CPU.Build.0 = Debug|Any CPU
		{62E8AA52-6E14-44F4-8675-06FF48594506}.Release|Any CPU.ActiveCfg = Release|Any CPU
		{62E8AA52-6E14-44F4-8675-06FF48594506}.Release|Any CPU.Build.0 = Release|Any CPU
		{2437D209-33DB-45CE-A9A6-9C3C5AC13E3E}.Debug|Any CPU.ActiveCfg = Debug|Any CPU
		{2437D209-33DB-45CE-A9A6-9C3C5AC13E3E}.Debug|Any CPU.Build.0 = Debug|Any CPU
		{2437D209-33DB-45CE-A9A6-9C3C5AC13E3E}.Release|Any CPU.ActiveCfg = Release|Any CPU
		{2437D209-33DB-45CE-A9A6-9C3C5AC13E3E}.Release|Any CPU.Build.0 = Release|Any CPU
		{8D2BE32D-922F-4668-8F48-0DAA8D655CFD}.Debug|Any CPU.ActiveCfg = Debug|Any CPU
		{8D2BE32D-922F-4668-8F48-0DAA8D655CFD}.Debug|Any CPU.Build.0 = Debug|Any CPU
		{8D2BE32D-922F-4668-8F48-0DAA8D655CFD}.Release|Any CPU.ActiveCfg = Release|Any CPU
		{8D2BE32D-922F-4668-8F48-0DAA8D655CFD}.Release|Any CPU.Build.0 = Release|Any CPU
		{6143CB8F-9979-4EDC-912E-1E7DAE43EBBC}.Debug|Any CPU.ActiveCfg = Debug|Any CPU
		{6143CB8F-9979-4EDC-912E-1E7DAE43EBBC}.Debug|Any CPU.Build.0 = Debug|Any CPU
		{6143CB8F-9979-4EDC-912E-1E7DAE43EBBC}.Release|Any CPU.ActiveCfg = Release|Any CPU
		{6143CB8F-9979-4EDC-912E-1E7DAE43EBBC}.Release|Any CPU.Build.0 = Release|Any CPU
	EndGlobalSection
	GlobalSection(NestedProjects) = preSolution
		{D0AB6E66-7DB1-4B71-9D63-E8C3F13D0778} = {2B1767DB-F2E1-4E1C-A298-BBDF11780CAC}
		{522579E6-C522-452F-A915-2B93207194BE} = {2B1767DB-F2E1-4E1C-A298-BBDF11780CAC}
		{896A16BC-89BE-4D7C-90F1-B6A281F3B90C} = {30080C76-D8B2-450A-9C35-5B304A05B3DD}
		{F47E379E-9563-48B6-9DA8-137DA78E21DD} = {30080C76-D8B2-450A-9C35-5B304A05B3DD}
		{3519AB12-821E-4B73-96F5-42DB6D8DE27A} = {30080C76-D8B2-450A-9C35-5B304A05B3DD}
		{FEA5A095-66FA-48E1-BA3A-98428FC770FE} = {2B1767DB-F2E1-4E1C-A298-BBDF11780CAC}
		{E02650C7-45E4-460A-BD8C-9D7E7EA8B834} = {2B1767DB-F2E1-4E1C-A298-BBDF11780CAC}
		{D1227EE2-8C72-47B6-A6FB-2C765D9C7CAC} = {2B1767DB-F2E1-4E1C-A298-BBDF11780CAC}
		{ED223DFE-2148-41CD-B5E9-0A745DF2ED25} = {2B1767DB-F2E1-4E1C-A298-BBDF11780CAC}
		{B1C0C2B3-AE98-419A-9D9F-D2C57C643D1E} = {2B1767DB-F2E1-4E1C-A298-BBDF11780CAC}
		{83230082-FBC8-44EC-8E58-FFE4E7CE3002} = {2B1767DB-F2E1-4E1C-A298-BBDF11780CAC}
		{4CA00529-A35A-4B3B-A876-E7E178E0A10C} = {2B1767DB-F2E1-4E1C-A298-BBDF11780CAC}
		{62E8AA52-6E14-44F4-8675-06FF48594506} = {2B1767DB-F2E1-4E1C-A298-BBDF11780CAC}
		{2437D209-33DB-45CE-A9A6-9C3C5AC13E3E} = {2B1767DB-F2E1-4E1C-A298-BBDF11780CAC}
		{8D2BE32D-922F-4668-8F48-0DAA8D655CFD} = {2B1767DB-F2E1-4E1C-A298-BBDF11780CAC}
		{6143CB8F-9979-4EDC-912E-1E7DAE43EBBC} = {2B1767DB-F2E1-4E1C-A298-BBDF11780CAC}
	EndGlobalSection
EndGlobal
