
Microsoft Visual Studio Solution File, Format Version 12.00
Project("{FAE04EC0-301F-11D3-BF4B-00C04F79EFBC}") = "SDL.Interop", "production\SDL.Interop\SDL.Interop.csproj", "{D0AB6E66-7DB1-4B71-9D63-E8C3F13D0778}"
EndProject
Project("{2150E333-8FDC-42A3-9474-1A3956D46DE8}") = "production", "production", "{2B1767DB-F2E1-4E1C-A298-BBDF11780CAC}"
EndProject
Project("{2150E333-8FDC-42A3-9474-1A3956D46DE8}") = "examples", "examples", "{30080C76-D8B2-450A-9C35-5B304A05B3DD}"
EndProject
Project("{FAE04EC0-301F-11D3-BF4B-00C04F79EFBC}") = "SDL_image.Interop", "production\SDL_image.Interop\SDL_image.Interop.csproj", "{522579E6-C522-452F-A915-2B93207194BE}"
EndProject
Project("{FAE04EC0-301F-11D3-BF4B-00C04F79EFBC}") = "Examples.Gpu", "examples\Examples.Gpu\Examples.Gpu.csproj", "{896A16BC-89BE-4D7C-90F1-B6A281F3B90C}"
EndProject
Project("{FAE04EC0-301F-11D3-BF4B-00C04F79EFBC}") = "Examples.LazyFoo", "examples\Examples.LazyFoo\Examples.LazyFoo.csproj", "{F47E379E-9563-48B6-9DA8-137DA78E21DD}"
EndProject
Project("{FAE04EC0-301F-11D3-BF4B-00C04F79EFBC}") = "Examples.Common", "examples\Examples.Common\Examples.Common.csproj", "{3519AB12-821E-4B73-96F5-42DB6D8DE27A}"
EndProject
Project("{FAE04EC0-301F-11D3-BF4B-00C04F79EFBC}") = "SDL", "production\SDL\SDL.csproj", "{FEA5A095-66FA-48E1-BA3A-98428FC770FE}"
EndProject
Project("{FAE04EC0-301F-11D3-BF4B-00C04F79EFBC}") = "SDL.Native.osx-arm64", "production\SDL.Native.osx-arm64\SDL.Native.osx-arm64.csproj", "{E02650C7-45E4-460A-BD8C-9D7E7EA8B834}"
EndProject
Project("{FAE04EC0-301F-11D3-BF4B-00C04F79EFBC}") = "SDL.Native.osx-x64", "production\SDL.Native.osx-x64\SDL.Native.osx-x64.csproj", "{D1227EE2-8C72-47B6-A6FB-2C765D9C7CAC}"
EndProject
Project("{FAE04EC0-301F-11D3-BF4B-00C04F79EFBC}") = "SDL.Native.win-x64", "production\SDL.Native.win-x64\SDL.Native.win-x64.csproj", "{ED223DFE-2148-41CD-B5E9-0A745DF2ED25}"
EndProject
Project("{FAE04EC0-301F-11D3-BF4B-00C04F79EFBC}") = "SDL.Native.win-arm64", "production\SDL.Native.win-arm64\SDL.Native.win-arm64.csproj", "{B1C0C2B3-AE98-419A-9D9F-D2C57C643D1E}"
EndProject
Project("{FAE04EC0-301F-11D3-BF4B-00C04F79EFBC}") = "SDL.Native.linux-x64", "production\SDL.Native.linux-x64\SDL.Native.linux-x64.csproj", "{83230082-FBC8-44EC-8E58-FFE4E7CE3002}"
EndProject
Project("{FAE04EC0-301F-11D3-BF4B-00C04F79EFBC}") = "SDL_image.Native.osx-x64", "production\SDL_image.Native.osx-x64\SDL_image.Native.osx-x64.csproj", "{2437D209-33DB-45CE-A9A6-9C3C5AC13E3E}"
EndProject
Project("{FAE04EC0-301F-11D3-BF4B-00C04F79EFBC}") = "SDL_image.Native.osx-arm64", "production\SDL_image.Native.osx-arm64\SDL_image.Native.osx-arm64.csproj", "{8D2BE32D-922F-4668-8F48-0DAA8D655CFD}"
EndProject
Project("{FAE04EC0-301F-11D3-BF4B-00C04F79EFBC}") = "SDL_ttf.Interop", "production\SDL_ttf.Interop\SDL_ttf.Interop.csproj", "{31E7F572-90FA-4648-99C0-234449DAB437}"
EndProject
Project("{FAE04EC0-301F-11D3-BF4B-00C04F79EFBC}") = "SDL_image.Native.win-arm64", "production\SDL_image.Native.win-arm64\SDL_image.Native.win-arm64.csproj", "{56B8A8EC-2093-4A8F-906F-466260917467}"
EndProject
Project("{FAE04EC0-301F-11D3-BF4B-00C04F79EFBC}") = "SDL_image.Native.win-x64", "production\SDL_image.Native.win-x64\SDL_image.Native.win-x64.csproj", "{8B6DDEC6-6668-46CC-A6BE-A8B543D525FC}"
EndProject
Project("{FAE04EC0-301F-11D3-BF4B-00C04F79EFBC}") = "SDL_ttf.Native.win-x64", "production\SDL_ttf.Native.win-x64\SDL_ttf.Native.win-x64.csproj", "{7E12E6D1-7A18-48FC-B128-06A5EB597538}"
EndProject
Project("{FAE04EC0-301F-11D3-BF4B-00C04F79EFBC}") = "SDL_ttf.Native.win-arm64", "production\SDL_ttf.Native.win-arm64\SDL_ttf.Native.win-arm64.csproj", "{A8D369BA-F74C-4696-A2C4-C69D0297F8A6}"
EndProject
Project("{FAE04EC0-301F-11D3-BF4B-00C04F79EFBC}") = "SDL_ttf.Native.osx-x64", "production\SDL_ttf.Native.osx-x64\SDL_ttf.Native.osx-x64.csproj", "{CC91EEEB-09DF-499C-8031-CDFA64AF4C28}"
EndProject
Project("{FAE04EC0-301F-11D3-BF4B-00C04F79EFBC}") = "SDL_ttf.Native.osx-arm64", "production\SDL_ttf.Native.osx-arm64\SDL_ttf.Native.osx-arm64.csproj", "{A760A7F9-B153-43FB-B901-835CA9C5E100}"
EndProject
Project("{FAE04EC0-301F-11D3-BF4B-00C04F79EFBC}") = "SDL_ttf.Native.linux-x64", "production\SDL_ttf.Native.linux-x64\SDL_ttf.Native.linux-x64.csproj", "{99775437-4BA7-43AE-88C1-DE8085ACF4B6}"
EndProject
Project("{FAE04EC0-301F-11D3-BF4B-00C04F79EFBC}") = "SDL_ttf.Native.linux-arm64", "production\SDL_ttf.Native.linux-arm64\SDL_ttf.Native.linux-arm64.csproj", "{86619200-56EF-4A80-962A-762BD3EC1DC8}"
EndProject
Project("{FAE04EC0-301F-11D3-BF4B-00C04F79EFBC}") = "SDL.Native.linux-arm64", "production\SDL.Native.linux-arm64\SDL.Native.linux-arm64.csproj", "{E6827807-5939-4A42-A250-781F81320284}"
EndProject
Project("{2150E333-8FDC-42A3-9474-1A3956D46DE8}") = "SDL", "SDL", "{1C408497-449D-4762-ACDB-8CA5AE31B7DA}"
EndProject
Project("{2150E333-8FDC-42A3-9474-1A3956D46DE8}") = "SDL_image", "SDL_image", "{259F56B7-B0CA-4492-B51B-306EE83FB64E}"
EndProject
Project("{FAE04EC0-301F-11D3-BF4B-00C04F79EFBC}") = "SDL_image.Native.linux-x64", "production\SDL_image.Native.linux-x64\SDL_image.Native.linux-x64.csproj", "{F6D992ED-01FF-4C3E-A56A-35E7D9E560B0}"
EndProject
Project("{FAE04EC0-301F-11D3-BF4B-00C04F79EFBC}") = "SDL_image.Native.linux-arm64", "production\SDL_image.Native.linux-arm64\SDL_image.Native.linux-arm64.csproj", "{F10D3702-0932-4E11-96F4-1EAE7B4898F7}"
EndProject
Project("{2150E333-8FDC-42A3-9474-1A3956D46DE8}") = "SDL_ttf", "SDL_ttf", "{4B5A6F6D-3BDF-4147-9D74-50584C129804}"
EndProject
Project("{2150E333-8FDC-42A3-9474-1A3956D46DE8}") = "Interop", "Interop", "{5FA8FB5B-29B1-4B8B-AC46-B5FBDAB46BD8}"
EndProject
Project("{2150E333-8FDC-42A3-9474-1A3956D46DE8}") = "Native", "Native", "{513724BD-BE27-42E3-B4A3-A9F43EF85956}"
EndProject
Project("{2150E333-8FDC-42A3-9474-1A3956D46DE8}") = "games", "games", "{9789C484-91E3-41DF-9E17-412E67DC56CA}"
EndProject
Project("{FAE04EC0-301F-11D3-BF4B-00C04F79EFBC}") = "Games.MinecraftClone", "games\Games.MinecraftClone\Games.MinecraftClone.csproj", "{09CAED20-EAF1-4583-8D40-ABA1736C22A0}"
EndProject
Global
	GlobalSection(SolutionConfigurationPlatforms) = preSolution
		Debug|Any CPU = Debug|Any CPU
		Release|Any CPU = Release|Any CPU
	EndGlobalSection
	GlobalSection(ProjectConfigurationPlatforms) = postSolution
		{D0AB6E66-7DB1-4B71-9D63-E8C3F13D0778}.Debug|Any CPU.ActiveCfg = Debug|Any CPU
		{D0AB6E66-7DB1-4B71-9D63-E8C3F13D0778}.Debug|Any CPU.Build.0 = Debug|Any CPU
		{D0AB6E66-7DB1-4B71-9D63-E8C3F13D0778}.Release|Any CPU.ActiveCfg = Release|Any CPU
		{D0AB6E66-7DB1-4B71-9D63-E8C3F13D0778}.Release|Any CPU.Build.0 = Release|Any CPU
		{522579E6-C522-452F-A915-2B93207194BE}.Debug|Any CPU.ActiveCfg = Debug|Any CPU
		{522579E6-C522-452F-A915-2B93207194BE}.Debug|Any CPU.Build.0 = Debug|Any CPU
		{522579E6-C522-452F-A915-2B93207194BE}.Release|Any CPU.ActiveCfg = Release|Any CPU
		{522579E6-C522-452F-A915-2B93207194BE}.Release|Any CPU.Build.0 = Release|Any CPU
		{896A16BC-89BE-4D7C-90F1-B6A281F3B90C}.Debug|Any CPU.ActiveCfg = Debug|Any CPU
		{896A16BC-89BE-4D7C-90F1-B6A281F3B90C}.Debug|Any CPU.Build.0 = Debug|Any CPU
		{896A16BC-89BE-4D7C-90F1-B6A281F3B90C}.Release|Any CPU.ActiveCfg = Release|Any CPU
		{896A16BC-89BE-4D7C-90F1-B6A281F3B90C}.Release|Any CPU.Build.0 = Release|Any CPU
		{F47E379E-9563-48B6-9DA8-137DA78E21DD}.Debug|Any CPU.ActiveCfg = Debug|Any CPU
		{F47E379E-9563-48B6-9DA8-137DA78E21DD}.Debug|Any CPU.Build.0 = Debug|Any CPU
		{F47E379E-9563-48B6-9DA8-137DA78E21DD}.Release|Any CPU.ActiveCfg = Release|Any CPU
		{F47E379E-9563-48B6-9DA8-137DA78E21DD}.Release|Any CPU.Build.0 = Release|Any CPU
		{3519AB12-821E-4B73-96F5-42DB6D8DE27A}.Debug|Any CPU.ActiveCfg = Debug|Any CPU
		{3519AB12-821E-4B73-96F5-42DB6D8DE27A}.Debug|Any CPU.Build.0 = Debug|Any CPU
		{3519AB12-821E-4B73-96F5-42DB6D8DE27A}.Release|Any CPU.ActiveCfg = Release|Any CPU
		{3519AB12-821E-4B73-96F5-42DB6D8DE27A}.Release|Any CPU.Build.0 = Release|Any CPU
		{FEA5A095-66FA-48E1-BA3A-98428FC770FE}.Debug|Any CPU.ActiveCfg = Debug|Any CPU
		{FEA5A095-66FA-48E1-BA3A-98428FC770FE}.Debug|Any CPU.Build.0 = Debug|Any CPU
		{FEA5A095-66FA-48E1-BA3A-98428FC770FE}.Release|Any CPU.ActiveCfg = Release|Any CPU
		{FEA5A095-66FA-48E1-BA3A-98428FC770FE}.Release|Any CPU.Build.0 = Release|Any CPU
		{E02650C7-45E4-460A-BD8C-9D7E7EA8B834}.Debug|Any CPU.ActiveCfg = Debug|x64
		{E02650C7-45E4-460A-BD8C-9D7E7EA8B834}.Debug|Any CPU.Build.0 = Debug|x64
		{E02650C7-45E4-460A-BD8C-9D7E7EA8B834}.Release|Any CPU.ActiveCfg = Release|x64
		{E02650C7-45E4-460A-BD8C-9D7E7EA8B834}.Release|Any CPU.Build.0 = Release|x64
		{D1227EE2-8C72-47B6-A6FB-2C765D9C7CAC}.Debug|Any CPU.ActiveCfg = Debug|Any CPU
		{D1227EE2-8C72-47B6-A6FB-2C765D9C7CAC}.Debug|Any CPU.Build.0 = Debug|Any CPU
		{D1227EE2-8C72-47B6-A6FB-2C765D9C7CAC}.Release|Any CPU.ActiveCfg = Release|Any CPU
		{D1227EE2-8C72-47B6-A6FB-2C765D9C7CAC}.Release|Any CPU.Build.0 = Release|Any CPU
		{ED223DFE-2148-41CD-B5E9-0A745DF2ED25}.Debug|Any CPU.ActiveCfg = Debug|Any CPU
		{ED223DFE-2148-41CD-B5E9-0A745DF2ED25}.Debug|Any CPU.Build.0 = Debug|Any CPU
		{ED223DFE-2148-41CD-B5E9-0A745DF2ED25}.Release|Any CPU.ActiveCfg = Release|Any CPU
		{ED223DFE-2148-41CD-B5E9-0A745DF2ED25}.Release|Any CPU.Build.0 = Release|Any CPU
		{B1C0C2B3-AE98-419A-9D9F-D2C57C643D1E}.Debug|Any CPU.ActiveCfg = Debug|Any CPU
		{B1C0C2B3-AE98-419A-9D9F-D2C57C643D1E}.Debug|Any CPU.Build.0 = Debug|Any CPU
		{B1C0C2B3-AE98-419A-9D9F-D2C57C643D1E}.Release|Any CPU.ActiveCfg = Release|Any CPU
		{B1C0C2B3-AE98-419A-9D9F-D2C57C643D1E}.Release|Any CPU.Build.0 = Release|Any CPU
		{83230082-FBC8-44EC-8E58-FFE4E7CE3002}.Debug|Any CPU.ActiveCfg = Debug|Any CPU
		{83230082-FBC8-44EC-8E58-FFE4E7CE3002}.Debug|Any CPU.Build.0 = Debug|Any CPU
		{83230082-FBC8-44EC-8E58-FFE4E7CE3002}.Release|Any CPU.ActiveCfg = Release|Any CPU
		{83230082-FBC8-44EC-8E58-FFE4E7CE3002}.Release|Any CPU.Build.0 = Release|Any CPU
		{2437D209-33DB-45CE-A9A6-9C3C5AC13E3E}.Debug|Any CPU.ActiveCfg = Debug|Any CPU
		{2437D209-33DB-45CE-A9A6-9C3C5AC13E3E}.Debug|Any CPU.Build.0 = Debug|Any CPU
		{2437D209-33DB-45CE-A9A6-9C3C5AC13E3E}.Release|Any CPU.ActiveCfg = Release|Any CPU
		{2437D209-33DB-45CE-A9A6-9C3C5AC13E3E}.Release|Any CPU.Build.0 = Release|Any CPU
		{8D2BE32D-922F-4668-8F48-0DAA8D655CFD}.Debug|Any CPU.ActiveCfg = Debug|Any CPU
		{8D2BE32D-922F-4668-8F48-0DAA8D655CFD}.Debug|Any CPU.Build.0 = Debug|Any CPU
		{8D2BE32D-922F-4668-8F48-0DAA8D655CFD}.Release|Any CPU.ActiveCfg = Release|Any CPU
		{8D2BE32D-922F-4668-8F48-0DAA8D655CFD}.Release|Any CPU.Build.0 = Release|Any CPU
		{31E7F572-90FA-4648-99C0-234449DAB437}.Debug|Any CPU.ActiveCfg = Debug|Any CPU
		{31E7F572-90FA-4648-99C0-234449DAB437}.Debug|Any CPU.Build.0 = Debug|Any CPU
		{31E7F572-90FA-4648-99C0-234449DAB437}.Release|Any CPU.ActiveCfg = Release|Any CPU
		{31E7F572-90FA-4648-99C0-234449DAB437}.Release|Any CPU.Build.0 = Release|Any CPU
		{56B8A8EC-2093-4A8F-906F-466260917467}.Debug|Any CPU.ActiveCfg = Debug|Any CPU
		{56B8A8EC-2093-4A8F-906F-466260917467}.Debug|Any CPU.Build.0 = Debug|Any CPU
		{56B8A8EC-2093-4A8F-906F-466260917467}.Release|Any CPU.ActiveCfg = Release|Any CPU
		{56B8A8EC-2093-4A8F-906F-466260917467}.Release|Any CPU.Build.0 = Release|Any CPU
		{8B6DDEC6-6668-46CC-A6BE-A8B543D525FC}.Debug|Any CPU.ActiveCfg = Debug|Any CPU
		{8B6DDEC6-6668-46CC-A6BE-A8B543D525FC}.Debug|Any CPU.Build.0 = Debug|Any CPU
		{8B6DDEC6-6668-46CC-A6BE-A8B543D525FC}.Release|Any CPU.ActiveCfg = Release|Any CPU
		{8B6DDEC6-6668-46CC-A6BE-A8B543D525FC}.Release|Any CPU.Build.0 = Release|Any CPU
		{7E12E6D1-7A18-48FC-B128-06A5EB597538}.Debug|Any CPU.ActiveCfg = Debug|Any CPU
		{7E12E6D1-7A18-48FC-B128-06A5EB597538}.Debug|Any CPU.Build.0 = Debug|Any CPU
		{7E12E6D1-7A18-48FC-B128-06A5EB597538}.Release|Any CPU.ActiveCfg = Release|Any CPU
		{7E12E6D1-7A18-48FC-B128-06A5EB597538}.Release|Any CPU.Build.0 = Release|Any CPU
		{A8D369BA-F74C-4696-A2C4-C69D0297F8A6}.Debug|Any CPU.ActiveCfg = Debug|Any CPU
		{A8D369BA-F74C-4696-A2C4-C69D0297F8A6}.Debug|Any CPU.Build.0 = Debug|Any CPU
		{A8D369BA-F74C-4696-A2C4-C69D0297F8A6}.Release|Any CPU.ActiveCfg = Release|Any CPU
		{A8D369BA-F74C-4696-A2C4-C69D0297F8A6}.Release|Any CPU.Build.0 = Release|Any CPU
		{CC91EEEB-09DF-499C-8031-CDFA64AF4C28}.Debug|Any CPU.ActiveCfg = Debug|Any CPU
		{CC91EEEB-09DF-499C-8031-CDFA64AF4C28}.Debug|Any CPU.Build.0 = Debug|Any CPU
		{CC91EEEB-09DF-499C-8031-CDFA64AF4C28}.Release|Any CPU.ActiveCfg = Release|Any CPU
		{CC91EEEB-09DF-499C-8031-CDFA64AF4C28}.Release|Any CPU.Build.0 = Release|Any CPU
		{A760A7F9-B153-43FB-B901-835CA9C5E100}.Debug|Any CPU.ActiveCfg = Debug|Any CPU
		{A760A7F9-B153-43FB-B901-835CA9C5E100}.Debug|Any CPU.Build.0 = Debug|Any CPU
		{A760A7F9-B153-43FB-B901-835CA9C5E100}.Release|Any CPU.ActiveCfg = Release|Any CPU
		{A760A7F9-B153-43FB-B901-835CA9C5E100}.Release|Any CPU.Build.0 = Release|Any CPU
		{99775437-4BA7-43AE-88C1-DE8085ACF4B6}.Debug|Any CPU.ActiveCfg = Debug|Any CPU
		{99775437-4BA7-43AE-88C1-DE8085ACF4B6}.Debug|Any CPU.Build.0 = Debug|Any CPU
		{99775437-4BA7-43AE-88C1-DE8085ACF4B6}.Release|Any CPU.ActiveCfg = Release|Any CPU
		{99775437-4BA7-43AE-88C1-DE8085ACF4B6}.Release|Any CPU.Build.0 = Release|Any CPU
		{86619200-56EF-4A80-962A-762BD3EC1DC8}.Debug|Any CPU.ActiveCfg = Debug|Any CPU
		{86619200-56EF-4A80-962A-762BD3EC1DC8}.Debug|Any CPU.Build.0 = Debug|Any CPU
		{86619200-56EF-4A80-962A-762BD3EC1DC8}.Release|Any CPU.ActiveCfg = Release|Any CPU
		{86619200-56EF-4A80-962A-762BD3EC1DC8}.Release|Any CPU.Build.0 = Release|Any CPU
		{E6827807-5939-4A42-A250-781F81320284}.Debug|Any CPU.ActiveCfg = Debug|Any CPU
		{E6827807-5939-4A42-A250-781F81320284}.Debug|Any CPU.Build.0 = Debug|Any CPU
		{E6827807-5939-4A42-A250-781F81320284}.Release|Any CPU.ActiveCfg = Release|Any CPU
		{E6827807-5939-4A42-A250-781F81320284}.Release|Any CPU.Build.0 = Release|Any CPU
		{F6D992ED-01FF-4C3E-A56A-35E7D9E560B0}.Debug|Any CPU.ActiveCfg = Debug|Any CPU
		{F6D992ED-01FF-4C3E-A56A-35E7D9E560B0}.Debug|Any CPU.Build.0 = Debug|Any CPU
		{F6D992ED-01FF-4C3E-A56A-35E7D9E560B0}.Release|Any CPU.ActiveCfg = Release|Any CPU
		{F6D992ED-01FF-4C3E-A56A-35E7D9E560B0}.Release|Any CPU.Build.0 = Release|Any CPU
		{F10D3702-0932-4E11-96F4-1EAE7B4898F7}.Debug|Any CPU.ActiveCfg = Debug|Any CPU
		{F10D3702-0932-4E11-96F4-1EAE7B4898F7}.Debug|Any CPU.Build.0 = Debug|Any CPU
		{F10D3702-0932-4E11-96F4-1EAE7B4898F7}.Release|Any CPU.ActiveCfg = Release|Any CPU
		{F10D3702-0932-4E11-96F4-1EAE7B4898F7}.Release|Any CPU.Build.0 = Release|Any CPU
		{09CAED20-EAF1-4583-8D40-ABA1736C22A0}.Debug|Any CPU.ActiveCfg = Debug|Any CPU
		{09CAED20-EAF1-4583-8D40-ABA1736C22A0}.Debug|Any CPU.Build.0 = Debug|Any CPU
		{09CAED20-EAF1-4583-8D40-ABA1736C22A0}.Release|Any CPU.ActiveCfg = Release|Any CPU
		{09CAED20-EAF1-4583-8D40-ABA1736C22A0}.Release|Any CPU.Build.0 = Release|Any CPU
	EndGlobalSection
	GlobalSection(NestedProjects) = preSolution
		{896A16BC-89BE-4D7C-90F1-B6A281F3B90C} = {30080C76-D8B2-450A-9C35-5B304A05B3DD}
		{F47E379E-9563-48B6-9DA8-137DA78E21DD} = {30080C76-D8B2-450A-9C35-5B304A05B3DD}
		{3519AB12-821E-4B73-96F5-42DB6D8DE27A} = {30080C76-D8B2-450A-9C35-5B304A05B3DD}
		{FEA5A095-66FA-48E1-BA3A-98428FC770FE} = {2B1767DB-F2E1-4E1C-A298-BBDF11780CAC}
		{E6827807-5939-4A42-A250-781F81320284} = {1C408497-449D-4762-ACDB-8CA5AE31B7DA}
		{83230082-FBC8-44EC-8E58-FFE4E7CE3002} = {1C408497-449D-4762-ACDB-8CA5AE31B7DA}
		{E02650C7-45E4-460A-BD8C-9D7E7EA8B834} = {1C408497-449D-4762-ACDB-8CA5AE31B7DA}
		{D1227EE2-8C72-47B6-A6FB-2C765D9C7CAC} = {1C408497-449D-4762-ACDB-8CA5AE31B7DA}
		{B1C0C2B3-AE98-419A-9D9F-D2C57C643D1E} = {1C408497-449D-4762-ACDB-8CA5AE31B7DA}
		{ED223DFE-2148-41CD-B5E9-0A745DF2ED25} = {1C408497-449D-4762-ACDB-8CA5AE31B7DA}
		{8D2BE32D-922F-4668-8F48-0DAA8D655CFD} = {259F56B7-B0CA-4492-B51B-306EE83FB64E}
		{2437D209-33DB-45CE-A9A6-9C3C5AC13E3E} = {259F56B7-B0CA-4492-B51B-306EE83FB64E}
		{56B8A8EC-2093-4A8F-906F-466260917467} = {259F56B7-B0CA-4492-B51B-306EE83FB64E}
		{8B6DDEC6-6668-46CC-A6BE-A8B543D525FC} = {259F56B7-B0CA-4492-B51B-306EE83FB64E}
		{F6D992ED-01FF-4C3E-A56A-35E7D9E560B0} = {259F56B7-B0CA-4492-B51B-306EE83FB64E}
		{F10D3702-0932-4E11-96F4-1EAE7B4898F7} = {259F56B7-B0CA-4492-B51B-306EE83FB64E}
		{86619200-56EF-4A80-962A-762BD3EC1DC8} = {4B5A6F6D-3BDF-4147-9D74-50584C129804}
		{99775437-4BA7-43AE-88C1-DE8085ACF4B6} = {4B5A6F6D-3BDF-4147-9D74-50584C129804}
		{A760A7F9-B153-43FB-B901-835CA9C5E100} = {4B5A6F6D-3BDF-4147-9D74-50584C129804}
		{CC91EEEB-09DF-499C-8031-CDFA64AF4C28} = {4B5A6F6D-3BDF-4147-9D74-50584C129804}
		{A8D369BA-F74C-4696-A2C4-C69D0297F8A6} = {4B5A6F6D-3BDF-4147-9D74-50584C129804}
		{7E12E6D1-7A18-48FC-B128-06A5EB597538} = {4B5A6F6D-3BDF-4147-9D74-50584C129804}
		{5FA8FB5B-29B1-4B8B-AC46-B5FBDAB46BD8} = {2B1767DB-F2E1-4E1C-A298-BBDF11780CAC}
		{D0AB6E66-7DB1-4B71-9D63-E8C3F13D0778} = {5FA8FB5B-29B1-4B8B-AC46-B5FBDAB46BD8}
		{522579E6-C522-452F-A915-2B93207194BE} = {5FA8FB5B-29B1-4B8B-AC46-B5FBDAB46BD8}
		{31E7F572-90FA-4648-99C0-234449DAB437} = {5FA8FB5B-29B1-4B8B-AC46-B5FBDAB46BD8}
		{513724BD-BE27-42E3-B4A3-A9F43EF85956} = {2B1767DB-F2E1-4E1C-A298-BBDF11780CAC}
		{1C408497-449D-4762-ACDB-8CA5AE31B7DA} = {513724BD-BE27-42E3-B4A3-A9F43EF85956}
		{259F56B7-B0CA-4492-B51B-306EE83FB64E} = {513724BD-BE27-42E3-B4A3-A9F43EF85956}
		{4B5A6F6D-3BDF-4147-9D74-50584C129804} = {513724BD-BE27-42E3-B4A3-A9F43EF85956}
		{09CAED20-EAF1-4583-8D40-ABA1736C22A0} = {9789C484-91E3-41DF-9E17-412E67DC56CA}
	EndGlobalSection
EndGlobal
